
Microsoft Visual Studio Solution File, Format Version 12.00
# Visual Studio Version 16
VisualStudioVersion = 16.0.30907.101
MinimumVisualStudioVersion = 10.0.40219.1
Project("{FAE04EC0-301F-11D3-BF4B-00C04F79EFBC}") = "Briefing", "Briefing\Briefing.csproj", "{1DF30DF8-1961-4C73-B6C5-F38C42EDFC6D}"
EndProject
Global
	GlobalSection(SolutionConfigurationPlatforms) = preSolution
		Debug|Any CPU = Debug|Any CPU
		Release|Any CPU = Release|Any CPU
	EndGlobalSection
	GlobalSection(ProjectConfigurationPlatforms) = postSolution
		{1DF30DF8-1961-4C73-B6C5-F38C42EDFC6D}.Debug|Any CPU.ActiveCfg = Debug|Any CPU
		{1DF30DF8-1961-4C73-B6C5-F38C42EDFC6D}.Debug|Any CPU.Build.0 = Debug|Any CPU
		{1DF30DF8-1961-4C73-B6C5-F38C42EDFC6D}.Release|Any CPU.ActiveCfg = Release|Any CPU
		{1DF30DF8-1961-4C73-B6C5-F38C42EDFC6D}.Release|Any CPU.Build.0 = Release|Any CPU
	EndGlobalSection
	GlobalSection(SolutionProperties) = preSolution
		HideSolutionNode = FALSE
	EndGlobalSection
	GlobalSection(ExtensibilityGlobals) = postSolution
		SolutionGuid = {554B389C-964D-402D-9DFB-109757FE9D4F}
	EndGlobalSection
EndGlobal
